
Microsoft Visual Studio Solution File, Format Version 12.00
# Visual Studio Version 16
VisualStudioVersion = 16.0.31005.135
MinimumVisualStudioVersion = 10.0.40219.1
Project("{9A19103F-16F7-4668-BE54-9A1E7A4F7556}") = "Api", "src\Api\Api.csproj", "{A2CA6CAF-824E-45C7-A357-7D77AE33C018}"
EndProject
Project("{9A19103F-16F7-4668-BE54-9A1E7A4F7556}") = "Core", "src\Core\Core.csproj", "{84AF09F5-A94B-40E2-8933-366C13A811E8}"
EndProject
Project("{00D1A9C2-B5F0-4AF3-8072-F6C62B433612}") = "Sql", "src\Sql\Sql.sqlproj", "{5C073C34-A14B-46FA-8859-C4FEC0326237}"
EndProject
Project("{9A19103F-16F7-4668-BE54-9A1E7A4F7556}") = "Api.Test", "test\Api.Test\Api.Test.csproj", "{B28C2B80-E450-4FCA-A23D-5B1BCEE1B1B2}"
EndProject
Project("{2150E333-8FDC-42A3-9474-1A3956D46DE8}") = "src", "src", "{496FA245-E75B-42CE-B615-7247E786963D}"
EndProject
Project("{2150E333-8FDC-42A3-9474-1A3956D46DE8}") = "test", "test", "{077C5ACA-9DFA-4287-AE6F-1E5A8795311F}"
EndProject
Project("{FAE04EC0-301F-11D3-BF4B-00C04F79EFBC}") = "Core.Test", "test\Core.Test\Core.Test.csproj", "{07B9B075-5EC8-4CC0-B78F-45DC2FF760AF}"
EndProject
Global
	GlobalSection(SolutionConfigurationPlatforms) = preSolution
		Debug|Any CPU = Debug|Any CPU
		Release|Any CPU = Release|Any CPU
	EndGlobalSection
	GlobalSection(ProjectConfigurationPlatforms) = postSolution
		{A2CA6CAF-824E-45C7-A357-7D77AE33C018}.Debug|Any CPU.ActiveCfg = Debug|Any CPU
		{A2CA6CAF-824E-45C7-A357-7D77AE33C018}.Debug|Any CPU.Build.0 = Debug|Any CPU
		{A2CA6CAF-824E-45C7-A357-7D77AE33C018}.Release|Any CPU.ActiveCfg = Release|Any CPU
		{A2CA6CAF-824E-45C7-A357-7D77AE33C018}.Release|Any CPU.Build.0 = Release|Any CPU
		{84AF09F5-A94B-40E2-8933-366C13A811E8}.Debug|Any CPU.ActiveCfg = Debug|Any CPU
		{84AF09F5-A94B-40E2-8933-366C13A811E8}.Debug|Any CPU.Build.0 = Debug|Any CPU
		{84AF09F5-A94B-40E2-8933-366C13A811E8}.Release|Any CPU.ActiveCfg = Release|Any CPU
		{84AF09F5-A94B-40E2-8933-366C13A811E8}.Release|Any CPU.Build.0 = Release|Any CPU
		{5C073C34-A14B-46FA-8859-C4FEC0326237}.Debug|Any CPU.ActiveCfg = Debug|Any CPU
		{5C073C34-A14B-46FA-8859-C4FEC0326237}.Debug|Any CPU.Build.0 = Debug|Any CPU
		{5C073C34-A14B-46FA-8859-C4FEC0326237}.Debug|Any CPU.Deploy.0 = Debug|Any CPU
		{5C073C34-A14B-46FA-8859-C4FEC0326237}.Release|Any CPU.ActiveCfg = Release|Any CPU
		{5C073C34-A14B-46FA-8859-C4FEC0326237}.Release|Any CPU.Build.0 = Release|Any CPU
		{5C073C34-A14B-46FA-8859-C4FEC0326237}.Release|Any CPU.Deploy.0 = Release|Any CPU
		{B28C2B80-E450-4FCA-A23D-5B1BCEE1B1B2}.Debug|Any CPU.ActiveCfg = Debug|Any CPU
		{B28C2B80-E450-4FCA-A23D-5B1BCEE1B1B2}.Debug|Any CPU.Build.0 = Debug|Any CPU
		{B28C2B80-E450-4FCA-A23D-5B1BCEE1B1B2}.Release|Any CPU.ActiveCfg = Release|Any CPU
		{B28C2B80-E450-4FCA-A23D-5B1BCEE1B1B2}.Release|Any CPU.Build.0 = Release|Any CPU
		{07B9B075-5EC8-4CC0-B78F-45DC2FF760AF}.Debug|Any CPU.ActiveCfg = Debug|Any CPU
		{07B9B075-5EC8-4CC0-B78F-45DC2FF760AF}.Debug|Any CPU.Build.0 = Debug|Any CPU
		{07B9B075-5EC8-4CC0-B78F-45DC2FF760AF}.Release|Any CPU.ActiveCfg = Release|Any CPU
		{07B9B075-5EC8-4CC0-B78F-45DC2FF760AF}.Release|Any CPU.Build.0 = Release|Any CPU
	EndGlobalSection
	GlobalSection(SolutionProperties) = preSolution
		HideSolutionNode = FALSE
	EndGlobalSection
	GlobalSection(NestedProjects) = preSolution
		{A2CA6CAF-824E-45C7-A357-7D77AE33C018} = {496FA245-E75B-42CE-B615-7247E786963D}
		{84AF09F5-A94B-40E2-8933-366C13A811E8} = {496FA245-E75B-42CE-B615-7247E786963D}
		{5C073C34-A14B-46FA-8859-C4FEC0326237} = {496FA245-E75B-42CE-B615-7247E786963D}
		{B28C2B80-E450-4FCA-A23D-5B1BCEE1B1B2} = {077C5ACA-9DFA-4287-AE6F-1E5A8795311F}
		{07B9B075-5EC8-4CC0-B78F-45DC2FF760AF} = {077C5ACA-9DFA-4287-AE6F-1E5A8795311F}
	EndGlobalSection
	GlobalSection(ExtensibilityGlobals) = postSolution
		SolutionGuid = {69ED9AB1-1D90-4F24-8846-77A7BF1E99CE}
	EndGlobalSection
EndGlobal
